
Microsoft Visual Studio Solution File, Format Version 12.00
# Visual Studio Version 16
VisualStudioVersion = 16.0.29709.97
MinimumVisualStudioVersion = 10.0.40219.1
Project("{9A19103F-16F7-4668-BE54-9A1E7A4F7556}") = "BASIC SYNTAX, CONDITIONAL STATEMENTS AND LOOPS", "BASIC SYNTAX, CONDITIONAL STATEMENTS AND LOOPS\BASIC SYNTAX, CONDITIONAL STATEMENTS AND LOOPS.csproj", "{6933BCEF-E05C-4543-A152-D4DEEDA11775}"
EndProject
Project("{9A19103F-16F7-4668-BE54-9A1E7A4F7556}") = "problem4", "problem4\problem4.csproj", "{53520716-3BCE-4662-911A-A4C9A77A521B}"
EndProject
Project("{9A19103F-16F7-4668-BE54-9A1E7A4F7556}") = "problem5", "problem5\problem5.csproj", "{AE25E566-1156-4421-AD8A-A1D95337E678}"
EndProject
Project("{9A19103F-16F7-4668-BE54-9A1E7A4F7556}") = "problem 6 factoriel", "problem 6 factoriel\problem 6 factoriel.csproj", "{9A4B62A3-127E-46EB-B544-35EFA26943A2}"
EndProject
Project("{9A19103F-16F7-4668-BE54-9A1E7A4F7556}") = "problem7 vending machine", "problem7 vending machine\problem7 vending machine.csproj", "{C7F56C16-1CA9-4AC7-90B0-18AB3E4AAE40}"
EndProject
Project("{9A19103F-16F7-4668-BE54-9A1E7A4F7556}") = "problem 8 triangle of numbers", "problem 8 triangle of numbers\problem 8 triangle of numbers.csproj", "{CCC78A98-A244-4E28-93CA-90FD4DA9DC5F}"
EndProject
Project("{FAE04EC0-301F-11D3-BF4B-00C04F79EFBC}") = "Problem 9 Padawan", "Problem 9 Padawan\Problem 9 Padawan.csproj", "{A4D6B7F7-DF91-40EF-83E5-F89326D75101}"
EndProject
Project("{FAE04EC0-301F-11D3-BF4B-00C04F79EFBC}") = "Problem 10 Pesho rage quits haha", "Problem 10 Pesho rage quits haha\Problem 10 Pesho rage quits haha.csproj", "{0C76F3E1-4FEC-44D4-8A77-7A3D7CB2AFF1}"
EndProject
Global
	GlobalSection(SolutionConfigurationPlatforms) = preSolution
		Debug|Any CPU = Debug|Any CPU
		Release|Any CPU = Release|Any CPU
	EndGlobalSection
	GlobalSection(ProjectConfigurationPlatforms) = postSolution
		{6933BCEF-E05C-4543-A152-D4DEEDA11775}.Debug|Any CPU.ActiveCfg = Debug|Any CPU
		{6933BCEF-E05C-4543-A152-D4DEEDA11775}.Debug|Any CPU.Build.0 = Debug|Any CPU
		{6933BCEF-E05C-4543-A152-D4DEEDA11775}.Release|Any CPU.ActiveCfg = Release|Any CPU
		{6933BCEF-E05C-4543-A152-D4DEEDA11775}.Release|Any CPU.Build.0 = Release|Any CPU
		{53520716-3BCE-4662-911A-A4C9A77A521B}.Debug|Any CPU.ActiveCfg = Debug|Any CPU
		{53520716-3BCE-4662-911A-A4C9A77A521B}.Debug|Any CPU.Build.0 = Debug|Any CPU
		{53520716-3BCE-4662-911A-A4C9A77A521B}.Release|Any CPU.ActiveCfg = Release|Any CPU
		{53520716-3BCE-4662-911A-A4C9A77A521B}.Release|Any CPU.Build.0 = Release|Any CPU
		{AE25E566-1156-4421-AD8A-A1D95337E678}.Debug|Any CPU.ActiveCfg = Debug|Any CPU
		{AE25E566-1156-4421-AD8A-A1D95337E678}.Debug|Any CPU.Build.0 = Debug|Any CPU
		{AE25E566-1156-4421-AD8A-A1D95337E678}.Release|Any CPU.ActiveCfg = Release|Any CPU
		{AE25E566-1156-4421-AD8A-A1D95337E678}.Release|Any CPU.Build.0 = Release|Any CPU
		{9A4B62A3-127E-46EB-B544-35EFA26943A2}.Debug|Any CPU.ActiveCfg = Debug|Any CPU
		{9A4B62A3-127E-46EB-B544-35EFA26943A2}.Debug|Any CPU.Build.0 = Debug|Any CPU
		{9A4B62A3-127E-46EB-B544-35EFA26943A2}.Release|Any CPU.ActiveCfg = Release|Any CPU
		{9A4B62A3-127E-46EB-B544-35EFA26943A2}.Release|Any CPU.Build.0 = Release|Any CPU
		{C7F56C16-1CA9-4AC7-90B0-18AB3E4AAE40}.Debug|Any CPU.ActiveCfg = Debug|Any CPU
		{C7F56C16-1CA9-4AC7-90B0-18AB3E4AAE40}.Debug|Any CPU.Build.0 = Debug|Any CPU
		{C7F56C16-1CA9-4AC7-90B0-18AB3E4AAE40}.Release|Any CPU.ActiveCfg = Release|Any CPU
		{C7F56C16-1CA9-4AC7-90B0-18AB3E4AAE40}.Release|Any CPU.Build.0 = Release|Any CPU
		{CCC78A98-A244-4E28-93CA-90FD4DA9DC5F}.Debug|Any CPU.ActiveCfg = Debug|Any CPU
		{CCC78A98-A244-4E28-93CA-90FD4DA9DC5F}.Debug|Any CPU.Build.0 = Debug|Any CPU
		{CCC78A98-A244-4E28-93CA-90FD4DA9DC5F}.Release|Any CPU.ActiveCfg = Release|Any CPU
		{CCC78A98-A244-4E28-93CA-90FD4DA9DC5F}.Release|Any CPU.Build.0 = Release|Any CPU
		{A4D6B7F7-DF91-40EF-83E5-F89326D75101}.Debug|Any CPU.ActiveCfg = Debug|Any CPU
		{A4D6B7F7-DF91-40EF-83E5-F89326D75101}.Debug|Any CPU.Build.0 = Debug|Any CPU
		{A4D6B7F7-DF91-40EF-83E5-F89326D75101}.Release|Any CPU.ActiveCfg = Release|Any CPU
		{A4D6B7F7-DF91-40EF-83E5-F89326D75101}.Release|Any CPU.Build.0 = Release|Any CPU
		{0C76F3E1-4FEC-44D4-8A77-7A3D7CB2AFF1}.Debug|Any CPU.ActiveCfg = Debug|Any CPU
		{0C76F3E1-4FEC-44D4-8A77-7A3D7CB2AFF1}.Debug|Any CPU.Build.0 = Debug|Any CPU
		{0C76F3E1-4FEC-44D4-8A77-7A3D7CB2AFF1}.Release|Any CPU.ActiveCfg = Release|Any CPU
		{0C76F3E1-4FEC-44D4-8A77-7A3D7CB2AFF1}.Release|Any CPU.Build.0 = Release|Any CPU
	EndGlobalSection
	GlobalSection(SolutionProperties) = preSolution
		HideSolutionNode = FALSE
	EndGlobalSection
	GlobalSection(ExtensibilityGlobals) = postSolution
		SolutionGuid = {23F82F4A-04E7-4AF5-B86A-4750F049C1FC}
	EndGlobalSection
EndGlobal
